Microsoft Visual Studio Solution File, Format Version 12.00
# Visual Studio 2012
Project("{FAE04EC0-301F-11D3-BF4B-00C04F79EFBC}") = "GBM2K Framework", "GBM2K Framework.csproj", "{47766B2F-95FB-4D60-ABA3-56960D4ECE83}"
EndProject
Global
	GlobalSection(SolutionConfigurationPlatforms) = preSolution
	Debug|Any CPU = Debug|Any CPU
	ExportDebug|Any CPU = ExportDebug|Any CPU
	ExportRelease|Any CPU = ExportRelease|Any CPU
	EndGlobalSection
	GlobalSection(ProjectConfigurationPlatforms) = postSolution
		{47766B2F-95FB-4D60-ABA3-56960D4ECE83}.Debug|Any CPU.ActiveCfg = Debug|Any CPU
		{47766B2F-95FB-4D60-ABA3-56960D4ECE83}.Debug|Any CPU.Build.0 = Debug|Any CPU
		{47766B2F-95FB-4D60-ABA3-56960D4ECE83}.ExportDebug|Any CPU.ActiveCfg = ExportDebug|Any CPU
		{47766B2F-95FB-4D60-ABA3-56960D4ECE83}.ExportDebug|Any CPU.Build.0 = ExportDebug|Any CPU
		{47766B2F-95FB-4D60-ABA3-56960D4ECE83}.ExportRelease|Any CPU.ActiveCfg = ExportRelease|Any CPU
		{47766B2F-95FB-4D60-ABA3-56960D4ECE83}.ExportRelease|Any CPU.Build.0 = ExportRelease|Any CPU
	EndGlobalSection
EndGlobal
